
Microsoft Visual Studio Solution File, Format Version 12.00
# Visual Studio 15
VisualStudioVersion = 15.0.27703.2042
MinimumVisualStudioVersion = 10.0.40219.1
Project("{FAE04EC0-301F-11D3-BF4B-00C04F79EFBC}") = "MovieNight.Client", "MovieNight.Client\MovieNight.Client.csproj", "{7A2B45DB-83D8-4B1F-921E-4116DF948CBB}"
EndProject
Project("{FAE04EC0-301F-11D3-BF4B-00C04F79EFBC}") = "MovieNight.Library", "MovieNight.Library\MovieNight.Library.csproj", "{4CBD434D-7E39-400B-B23D-45061876049E}"
EndProject
Project("{FAE04EC0-301F-11D3-BF4B-00C04F79EFBC}") = "MovieNight.Tests", "MovieNight.Tests\MovieNight.Tests.csproj", "{531D6EA1-7000-4D5F-90A8-ED627F7D25DA}"
EndProject
Global
	GlobalSection(SolutionConfigurationPlatforms) = preSolution
		Debug|Any CPU = Debug|Any CPU
		Release|Any CPU = Release|Any CPU
	EndGlobalSection
	GlobalSection(ProjectConfigurationPlatforms) = postSolution
		{7A2B45DB-83D8-4B1F-921E-4116DF948CBB}.Debug|Any CPU.ActiveCfg = Debug|Any CPU
		{7A2B45DB-83D8-4B1F-921E-4116DF948CBB}.Debug|Any CPU.Build.0 = Debug|Any CPU
		{7A2B45DB-83D8-4B1F-921E-4116DF948CBB}.Release|Any CPU.ActiveCfg = Release|Any CPU
		{7A2B45DB-83D8-4B1F-921E-4116DF948CBB}.Release|Any CPU.Build.0 = Release|Any CPU
		{4CBD434D-7E39-400B-B23D-45061876049E}.Debug|Any CPU.ActiveCfg = Debug|Any CPU
		{4CBD434D-7E39-400B-B23D-45061876049E}.Debug|Any CPU.Build.0 = Debug|Any CPU
		{4CBD434D-7E39-400B-B23D-45061876049E}.Release|Any CPU.ActiveCfg = Release|Any CPU
		{4CBD434D-7E39-400B-B23D-45061876049E}.Release|Any CPU.Build.0 = Release|Any CPU
		{531D6EA1-7000-4D5F-90A8-ED627F7D25DA}.Debug|Any CPU.ActiveCfg = Debug|Any CPU
		{531D6EA1-7000-4D5F-90A8-ED627F7D25DA}.Debug|Any CPU.Build.0 = Debug|Any CPU
		{531D6EA1-7000-4D5F-90A8-ED627F7D25DA}.Release|Any CPU.ActiveCfg = Release|Any CPU
		{531D6EA1-7000-4D5F-90A8-ED627F7D25DA}.Release|Any CPU.Build.0 = Release|Any CPU
	EndGlobalSection
	GlobalSection(SolutionProperties) = preSolution
		HideSolutionNode = FALSE
	EndGlobalSection
	GlobalSection(ExtensibilityGlobals) = postSolution
		SolutionGuid = {6E8C4A03-104A-4C06-8BBC-B02C31BC4A28}
	EndGlobalSection
EndGlobal
